# This file is autogenerated, do not edit; changes may be undone by the next 'dep ensure'.


[[projects]]
  digest = "1:bbadccf3d3317ea03c0dac0b45b673b4b397c8f91a1d2eff550a3c51c4ad770e"
  name = "github.com/gogo/protobuf"
  packages = ["proto"]
  pruneopts = "UT"
  revision = "636bf0302bc95575d69441b25a2603156ffdddf1"
  version = "v1.1.1"

[[projects]]
  digest = "1:f9dc1d4bc658079ca70650bcba0e4c0687015eac1685edbe0ca8018b200df603"
  name = "github.com/golang/protobuf"
  packages = [
    "proto",
    "protoc-gen-go/descriptor",
    "protoc-gen-go/generator",
    "protoc-gen-go/generator/internal/remap",
    "protoc-gen-go/plugin",
  ]
  pruneopts = "UT"
  revision = "aa810b61a9c79d51363740d207bb46cf8e620ed5"
  version = "v1.2.0"

[[projects]]
  branch = "feature/extensions"
  digest = "1:28d67b39da9c9f0f384830fe7b1aa25a081cc476ed6e7e0f46811d6303edd992"
  name = "github.com/pseudomuto/protokit"
  packages = ["."]
  pruneopts = "UT"
  revision = "a93184a991241cac9657c1cf07a27214da8be0fc"
  source = "github.com/htdvisser/protokit"

[solve-meta]
  analyzer-name = "dep"
  analyzer-version = 1
  input-imports = [
    "github.com/gogo/protobuf/proto",
    "github.com/golang/protobuf/proto",
    "github.com/golang/protobuf/protoc-gen-go/descriptor",
    "github.com/golang/protobuf/protoc-gen-go/generator",
    "github.com/golang/protobuf/protoc-gen-go/plugin",
    "github.com/pseudomuto/protokit",
  ]
  solver-name = "gps-cdcl"
  solver-version = 1
